
Microsoft Visual Studio Solution File, Format Version 12.00
# Visual Studio 15
VisualStudioVersion = 15.0.26730.16
MinimumVisualStudioVersion = 10.0.40219.1
Project("{FAE04EC0-301F-11D3-BF4B-00C04F79EFBC}") = "Games", "Games\Games.csproj", "{54981A3F-8B16-4E7B-AEC1-3C35D43CFC3B}"
EndProject
Global
	GlobalSection(SolutionConfigurationPlatforms) = preSolution
		Debug|Any CPU = Debug|Any CPU
		Release|Any CPU = Release|Any CPU
	EndGlobalSection
	GlobalSection(ProjectConfigurationPlatforms) = postSolution
		{54981A3F-8B16-4E7B-AEC1-3C35D43CFC3B}.Debug|Any CPU.ActiveCfg = Debug|Any CPU
		{54981A3F-8B16-4E7B-AEC1-3C35D43CFC3B}.Debug|Any CPU.Build.0 = Debug|Any CPU
		{54981A3F-8B16-4E7B-AEC1-3C35D43CFC3B}.Release|Any CPU.ActiveCfg = Release|Any CPU
		{54981A3F-8B16-4E7B-AEC1-3C35D43CFC3B}.Release|Any CPU.Build.0 = Release|Any CPU
	EndGlobalSection
	GlobalSection(SolutionProperties) = preSolution
		HideSolutionNode = FALSE
	EndGlobalSection
	GlobalSection(ExtensibilityGlobals) = postSolution
		SolutionGuid = {7AB809CD-F296-419B-A2A4-62A0924C1CE7}
	EndGlobalSection
EndGlobal
